
Microsoft Visual Studio Solution File, Format Version 12.00
# Visual Studio Version 17
VisualStudioVersion = 17.10.34804.81
MinimumVisualStudioVersion = 10.0.40219.1
Project("{FAE04EC0-301F-11D3-BF4B-00C04F79EFBC}") = "AlloyOptimisation", "AlloyOptimisation\AlloyOptimisation.csproj", "{585B7E8E-E8BC-45E3-B286-20BE9C7118C5}"
EndProject
Project("{FAE04EC0-301F-11D3-BF4B-00C04F79EFBC}") = "AlloyOptimisation.Tests", "AlloyOptimisation.Tests\AlloyOptimisation.Tests.csproj", "{3BDF55E9-5964-4BB0-985E-38DE4EF4852D}"
EndProject
Global
	GlobalSection(SolutionConfigurationPlatforms) = preSolution
		Debug|Any CPU = Debug|Any CPU
		Release|Any CPU = Release|Any CPU
	EndGlobalSection
	GlobalSection(ProjectConfigurationPlatforms) = postSolution
		{585B7E8E-E8BC-45E3-B286-20BE9C7118C5}.Debug|Any CPU.ActiveCfg = Debug|Any CPU
		{585B7E8E-E8BC-45E3-B286-20BE9C7118C5}.Debug|Any CPU.Build.0 = Debug|Any CPU
		{585B7E8E-E8BC-45E3-B286-20BE9C7118C5}.Release|Any CPU.ActiveCfg = Release|Any CPU
		{585B7E8E-E8BC-45E3-B286-20BE9C7118C5}.Release|Any CPU.Build.0 = Release|Any CPU
		{3BDF55E9-5964-4BB0-985E-38DE4EF4852D}.Debug|Any CPU.ActiveCfg = Debug|Any CPU
		{3BDF55E9-5964-4BB0-985E-38DE4EF4852D}.Debug|Any CPU.Build.0 = Debug|Any CPU
		{3BDF55E9-5964-4BB0-985E-38DE4EF4852D}.Release|Any CPU.ActiveCfg = Release|Any CPU
		{3BDF55E9-5964-4BB0-985E-38DE4EF4852D}.Release|Any CPU.Build.0 = Release|Any CPU
	EndGlobalSection
	GlobalSection(SolutionProperties) = preSolution
		HideSolutionNode = FALSE
	EndGlobalSection
	GlobalSection(ExtensibilityGlobals) = postSolution
		SolutionGuid = {2973F550-9FF9-4F09-A8B1-46CF26B8329F}
	EndGlobalSection
EndGlobal
